
Microsoft Visual Studio Solution File, Format Version 12.00
# Visual Studio Version 17
VisualStudioVersion = 17.5.33516.290
MinimumVisualStudioVersion = 10.0.40219.1
Project("{FAE04EC0-301F-11D3-BF4B-00C04F79EFBC}") = "Приложение для курсовой", "Приложение для курсовой\Приложение для курсовой.csproj", "{3C41B667-6EF4-43B3-8C7D-28C30D4D72EE}"
EndProject
Global
	GlobalSection(SolutionConfigurationPlatforms) = preSolution
		Debug|Any CPU = Debug|Any CPU
		Release|Any CPU = Release|Any CPU
	EndGlobalSection
	GlobalSection(ProjectConfigurationPlatforms) = postSolution
		{3C41B667-6EF4-43B3-8C7D-28C30D4D72EE}.Debug|Any CPU.ActiveCfg = Debug|Any CPU
		{3C41B667-6EF4-43B3-8C7D-28C30D4D72EE}.Debug|Any CPU.Build.0 = Debug|Any CPU
		{3C41B667-6EF4-43B3-8C7D-28C30D4D72EE}.Release|Any CPU.ActiveCfg = Release|Any CPU
		{3C41B667-6EF4-43B3-8C7D-28C30D4D72EE}.Release|Any CPU.Build.0 = Release|Any CPU
	EndGlobalSection
	GlobalSection(SolutionProperties) = preSolution
		HideSolutionNode = FALSE
	EndGlobalSection
	GlobalSection(ExtensibilityGlobals) = postSolution
		SolutionGuid = {1769723C-37B7-4580-8EB8-A7189AA29834}
	EndGlobalSection
EndGlobal
